
Microsoft Visual Studio Solution File, Format Version 12.00
# Visual Studio Version 17
VisualStudioVersion = 17.0.31903.59
MinimumVisualStudioVersion = 10.0.40219.1
Project("{FAE04EC0-301F-11D3-BF4B-00C04F79EFBC}") = "FolderVision", "FolderVision.csproj", "{A2E3C765-7061-4048-8D5F-46FAE5F88AD7}"
EndProject
Project("{FAE04EC0-301F-11D3-BF4B-00C04F79EFBC}") = "FolderVision.Tests", "FolderVision.Tests\FolderVision.Tests.csproj", "{64F450EF-064C-4A60-93B7-876A45AFEE8B}"
EndProject
Global
	GlobalSection(SolutionConfigurationPlatforms) = preSolution
		Debug|Any CPU = Debug|Any CPU
		Debug|x64 = Debug|x64
		Debug|x86 = Debug|x86
		Release|Any CPU = Release|Any CPU
		Release|x64 = Release|x64
		Release|x86 = Release|x86
	EndGlobalSection
	GlobalSection(ProjectConfigurationPlatforms) = postSolution
		{A2E3C765-7061-4048-8D5F-46FAE5F88AD7}.Debug|Any CPU.ActiveCfg = Debug|Any CPU
		{A2E3C765-7061-4048-8D5F-46FAE5F88AD7}.Debug|Any CPU.Build.0 = Debug|Any CPU
		{A2E3C765-7061-4048-8D5F-46FAE5F88AD7}.Debug|x64.ActiveCfg = Debug|Any CPU
		{A2E3C765-7061-4048-8D5F-46FAE5F88AD7}.Debug|x64.Build.0 = Debug|Any CPU
		{A2E3C765-7061-4048-8D5F-46FAE5F88AD7}.Debug|x86.ActiveCfg = Debug|Any CPU
		{A2E3C765-7061-4048-8D5F-46FAE5F88AD7}.Debug|x86.Build.0 = Debug|Any CPU
		{A2E3C765-7061-4048-8D5F-46FAE5F88AD7}.Release|Any CPU.ActiveCfg = Release|Any CPU
		{A2E3C765-7061-4048-8D5F-46FAE5F88AD7}.Release|Any CPU.Build.0 = Release|Any CPU
		{A2E3C765-7061-4048-8D5F-46FAE5F88AD7}.Release|x64.ActiveCfg = Release|Any CPU
		{A2E3C765-7061-4048-8D5F-46FAE5F88AD7}.Release|x64.Build.0 = Release|Any CPU
		{A2E3C765-7061-4048-8D5F-46FAE5F88AD7}.Release|x86.ActiveCfg = Release|Any CPU
		{A2E3C765-7061-4048-8D5F-46FAE5F88AD7}.Release|x86.Build.0 = Release|Any CPU
		{64F450EF-064C-4A60-93B7-876A45AFEE8B}.Debug|Any CPU.ActiveCfg = Debug|Any CPU
		{64F450EF-064C-4A60-93B7-876A45AFEE8B}.Debug|Any CPU.Build.0 = Debug|Any CPU
		{64F450EF-064C-4A60-93B7-876A45AFEE8B}.Debug|x64.ActiveCfg = Debug|Any CPU
		{64F450EF-064C-4A60-93B7-876A45AFEE8B}.Debug|x64.Build.0 = Debug|Any CPU
		{64F450EF-064C-4A60-93B7-876A45AFEE8B}.Debug|x86.ActiveCfg = Debug|Any CPU
		{64F450EF-064C-4A60-93B7-876A45AFEE8B}.Debug|x86.Build.0 = Debug|Any CPU
		{64F450EF-064C-4A60-93B7-876A45AFEE8B}.Release|Any CPU.ActiveCfg = Release|Any CPU
		{64F450EF-064C-4A60-93B7-876A45AFEE8B}.Release|Any CPU.Build.0 = Release|Any CPU
		{64F450EF-064C-4A60-93B7-876A45AFEE8B}.Release|x64.ActiveCfg = Release|Any CPU
		{64F450EF-064C-4A60-93B7-876A45AFEE8B}.Release|x64.Build.0 = Release|Any CPU
		{64F450EF-064C-4A60-93B7-876A45AFEE8B}.Release|x86.ActiveCfg = Release|Any CPU
		{64F450EF-064C-4A60-93B7-876A45AFEE8B}.Release|x86.Build.0 = Release|Any CPU
	EndGlobalSection
	GlobalSection(SolutionProperties) = preSolution
		HideSolutionNode = FALSE
	EndGlobalSection
EndGlobal
